
Microsoft Visual Studio Solution File, Format Version 12.00
Project("{2150E333-8FDC-42A3-9474-1A3956D46DE8}") = "Resources", "Resources", "{190ED8A4-D194-46DA-A300-AB9EFDF9AA9C}"
EndProject
Project("{FAE04EC0-301F-11D3-BF4B-00C04F79EFBC}") = "API1", "API1\API1.csproj", "{041A43A4-84DF-498E-9BCA-39AB6BBC8547}"
EndProject
Project("{FAE04EC0-301F-11D3-BF4B-00C04F79EFBC}") = "API2", "API2\API2.csproj", "{BE29C4AC-3249-4B93-8DD2-423322AA202B}"
EndProject
Project("{FAE04EC0-301F-11D3-BF4B-00C04F79EFBC}") = "API3", "API3\API3.csproj", "{8AB656EF-1F74-4DF8-834D-DD6BC2EB1E97}"
EndProject
Project("{FAE04EC0-301F-11D3-BF4B-00C04F79EFBC}") = "API_Gateway", "API_Gateway\API_Gateway.csproj", "{C154A149-EB08-4361-B2F1-7D054E6D53D1}"
EndProject
Global
	GlobalSection(SolutionConfigurationPlatforms) = preSolution
		Debug|Any CPU = Debug|Any CPU
		Release|Any CPU = Release|Any CPU
	EndGlobalSection
	GlobalSection(NestedProjects) = preSolution
		{041A43A4-84DF-498E-9BCA-39AB6BBC8547} = {190ED8A4-D194-46DA-A300-AB9EFDF9AA9C}
		{BE29C4AC-3249-4B93-8DD2-423322AA202B} = {190ED8A4-D194-46DA-A300-AB9EFDF9AA9C}
		{8AB656EF-1F74-4DF8-834D-DD6BC2EB1E97} = {190ED8A4-D194-46DA-A300-AB9EFDF9AA9C}
	EndGlobalSection
	GlobalSection(ProjectConfigurationPlatforms) = postSolution
		{041A43A4-84DF-498E-9BCA-39AB6BBC8547}.Debug|Any CPU.ActiveCfg = Debug|Any CPU
		{041A43A4-84DF-498E-9BCA-39AB6BBC8547}.Debug|Any CPU.Build.0 = Debug|Any CPU
		{041A43A4-84DF-498E-9BCA-39AB6BBC8547}.Release|Any CPU.ActiveCfg = Release|Any CPU
		{041A43A4-84DF-498E-9BCA-39AB6BBC8547}.Release|Any CPU.Build.0 = Release|Any CPU
		{BE29C4AC-3249-4B93-8DD2-423322AA202B}.Debug|Any CPU.ActiveCfg = Debug|Any CPU
		{BE29C4AC-3249-4B93-8DD2-423322AA202B}.Debug|Any CPU.Build.0 = Debug|Any CPU
		{BE29C4AC-3249-4B93-8DD2-423322AA202B}.Release|Any CPU.ActiveCfg = Release|Any CPU
		{BE29C4AC-3249-4B93-8DD2-423322AA202B}.Release|Any CPU.Build.0 = Release|Any CPU
		{8AB656EF-1F74-4DF8-834D-DD6BC2EB1E97}.Debug|Any CPU.ActiveCfg = Debug|Any CPU
		{8AB656EF-1F74-4DF8-834D-DD6BC2EB1E97}.Debug|Any CPU.Build.0 = Debug|Any CPU
		{8AB656EF-1F74-4DF8-834D-DD6BC2EB1E97}.Release|Any CPU.ActiveCfg = Release|Any CPU
		{8AB656EF-1F74-4DF8-834D-DD6BC2EB1E97}.Release|Any CPU.Build.0 = Release|Any CPU
		{C154A149-EB08-4361-B2F1-7D054E6D53D1}.Debug|Any CPU.ActiveCfg = Debug|Any CPU
		{C154A149-EB08-4361-B2F1-7D054E6D53D1}.Debug|Any CPU.Build.0 = Debug|Any CPU
		{C154A149-EB08-4361-B2F1-7D054E6D53D1}.Release|Any CPU.ActiveCfg = Release|Any CPU
		{C154A149-EB08-4361-B2F1-7D054E6D53D1}.Release|Any CPU.Build.0 = Release|Any CPU
	EndGlobalSection
EndGlobal
